
Microsoft Visual Studio Solution File, Format Version 12.00
# Visual Studio 2017
Project("{FAE04EC0-301F-11D3-BF4B-00C04F79EFBC}") = "angle", "angle.csproj", "{A5F8A4DA-E9A4-3401-3152-F3DABD23F44B}"
EndProject
Global
	GlobalSection(SolutionConfigurationPlatforms) = preSolution
		Debug|Any CPU = Debug|Any CPU
		Release|Any CPU = Release|Any CPU
	EndGlobalSection
	GlobalSection(ProjectConfigurationPlatforms) = postSolution
		{A5F8A4DA-E9A4-3401-3152-F3DABD23F44B}.Debug|Any CPU.ActiveCfg = Debug|Any CPU
		{A5F8A4DA-E9A4-3401-3152-F3DABD23F44B}.Debug|Any CPU.Build.0 = Debug|Any CPU
		{A5F8A4DA-E9A4-3401-3152-F3DABD23F44B}.Release|Any CPU.ActiveCfg = Release|Any CPU
		{A5F8A4DA-E9A4-3401-3152-F3DABD23F44B}.Release|Any CPU.Build.0 = Release|Any CPU
	EndGlobalSection
	GlobalSection(SolutionProperties) = preSolution
		HideSolutionNode = FALSE
	EndGlobalSection
EndGlobal
