
Microsoft Visual Studio Solution File, Format Version 12.00
# Visual Studio 2017
Project("{FAE04EC0-301F-11D3-BF4B-00C04F79EFBC}") = "text", "text.csproj", "{4D9370EB-AEFD-6103-1C3A-FB6B0661ABD5}"
EndProject
Global
	GlobalSection(SolutionConfigurationPlatforms) = preSolution
		Debug|Any CPU = Debug|Any CPU
		Release|Any CPU = Release|Any CPU
	EndGlobalSection
	GlobalSection(ProjectConfigurationPlatforms) = postSolution
		{4D9370EB-AEFD-6103-1C3A-FB6B0661ABD5}.Debug|Any CPU.ActiveCfg = Debug|Any CPU
		{4D9370EB-AEFD-6103-1C3A-FB6B0661ABD5}.Debug|Any CPU.Build.0 = Debug|Any CPU
		{4D9370EB-AEFD-6103-1C3A-FB6B0661ABD5}.Release|Any CPU.ActiveCfg = Release|Any CPU
		{4D9370EB-AEFD-6103-1C3A-FB6B0661ABD5}.Release|Any CPU.Build.0 = Release|Any CPU
	EndGlobalSection
	GlobalSection(SolutionProperties) = preSolution
		HideSolutionNode = FALSE
	EndGlobalSection
EndGlobal
